
Microsoft Visual Studio Solution File, Format Version 12.00
# Visual Studio 15
VisualStudioVersion = 15.0.27130.2027
MinimumVisualStudioVersion = 10.0.40219.1
Project("{FAE04EC0-301F-11D3-BF4B-00C04F79EFBC}") = "Picsor", "Picsor\Picsor.csproj", "{B88059F0-5538-4DAF-A3D6-52BDB153FC79}"
EndProject
Project("{FAE04EC0-301F-11D3-BF4B-00C04F79EFBC}") = "Picsor.Controls", "Picsor.Controls\Picsor.Controls.csproj", "{96264E33-8022-439F-B0A4-D5C367745841}"
EndProject
Project("{FAE04EC0-301F-11D3-BF4B-00C04F79EFBC}") = "Picsor.Compressor", "Picsor.Compressor\Picsor.Compressor.csproj", "{74D8FDB6-ADE4-461A-9E49-FFA3E7028382}"
EndProject
Global
	GlobalSection(SolutionConfigurationPlatforms) = preSolution
		Debug|Any CPU = Debug|Any CPU
		Release|Any CPU = Release|Any CPU
	EndGlobalSection
	GlobalSection(ProjectConfigurationPlatforms) = postSolution
		{B88059F0-5538-4DAF-A3D6-52BDB153FC79}.Debug|Any CPU.ActiveCfg = Debug|Any CPU
		{B88059F0-5538-4DAF-A3D6-52BDB153FC79}.Debug|Any CPU.Build.0 = Debug|Any CPU
		{B88059F0-5538-4DAF-A3D6-52BDB153FC79}.Release|Any CPU.ActiveCfg = Release|Any CPU
		{B88059F0-5538-4DAF-A3D6-52BDB153FC79}.Release|Any CPU.Build.0 = Release|Any CPU
		{96264E33-8022-439F-B0A4-D5C367745841}.Debug|Any CPU.ActiveCfg = Debug|Any CPU
		{96264E33-8022-439F-B0A4-D5C367745841}.Debug|Any CPU.Build.0 = Debug|Any CPU
		{96264E33-8022-439F-B0A4-D5C367745841}.Release|Any CPU.ActiveCfg = Release|Any CPU
		{96264E33-8022-439F-B0A4-D5C367745841}.Release|Any CPU.Build.0 = Release|Any CPU
		{74D8FDB6-ADE4-461A-9E49-FFA3E7028382}.Debug|Any CPU.ActiveCfg = Debug|Any CPU
		{74D8FDB6-ADE4-461A-9E49-FFA3E7028382}.Debug|Any CPU.Build.0 = Debug|Any CPU
		{74D8FDB6-ADE4-461A-9E49-FFA3E7028382}.Release|Any CPU.ActiveCfg = Release|Any CPU
		{74D8FDB6-ADE4-461A-9E49-FFA3E7028382}.Release|Any CPU.Build.0 = Release|Any CPU
	EndGlobalSection
	GlobalSection(SolutionProperties) = preSolution
		HideSolutionNode = FALSE
	EndGlobalSection
	GlobalSection(ExtensibilityGlobals) = postSolution
		SolutionGuid = {9292F3CB-D2AF-4E57-A40A-70E2EFF4D5CF}
	EndGlobalSection
EndGlobal
